
Microsoft Visual Studio Solution File, Format Version 12.00
# Visual Studio Version 16
VisualStudioVersion = 16.0.29709.97
MinimumVisualStudioVersion = 10.0.40219.1
Project("{FAE04EC0-301F-11D3-BF4B-00C04F79EFBC}") = "modularFuelTanks", "modularFuelTanks.csproj", "{9EA86296-8342-4112-81F3-438C9333E284}"
EndProject
Project("{FAE04EC0-301F-11D3-BF4B-00C04F79EFBC}") = "TweakScale_ModularFuelTanks", "TweakScale_ModularFuelTanks.csproj", "{F8D41CCB-BF60-4E9F-946D-6E19D0260175}"
EndProject
Global
	GlobalSection(SolutionConfigurationPlatforms) = preSolution
		Debug|Any CPU = Debug|Any CPU
		Release|Any CPU = Release|Any CPU
	EndGlobalSection
	GlobalSection(ProjectConfigurationPlatforms) = postSolution
		{9EA86296-8342-4112-81F3-438C9333E284}.Debug|Any CPU.ActiveCfg = Debug|Any CPU
		{9EA86296-8342-4112-81F3-438C9333E284}.Debug|Any CPU.Build.0 = Debug|Any CPU
		{9EA86296-8342-4112-81F3-438C9333E284}.Release|Any CPU.ActiveCfg = Release|Any CPU
		{9EA86296-8342-4112-81F3-438C9333E284}.Release|Any CPU.Build.0 = Release|Any CPU
		{F8D41CCB-BF60-4E9F-946D-6E19D0260175}.Debug|Any CPU.ActiveCfg = Debug|Any CPU
		{F8D41CCB-BF60-4E9F-946D-6E19D0260175}.Debug|Any CPU.Build.0 = Debug|Any CPU
		{F8D41CCB-BF60-4E9F-946D-6E19D0260175}.Release|Any CPU.ActiveCfg = Release|Any CPU
		{F8D41CCB-BF60-4E9F-946D-6E19D0260175}.Release|Any CPU.Build.0 = Release|Any CPU
	EndGlobalSection
	GlobalSection(SolutionProperties) = preSolution
		HideSolutionNode = FALSE
	EndGlobalSection
	GlobalSection(ExtensibilityGlobals) = postSolution
		SolutionGuid = {C8D32005-04F1-4E99-8B2D-4EB861400697}
	EndGlobalSection
	GlobalSection(MonoDevelopProperties) = preSolution
		StartupItem = modularFuelTanks.csproj
	EndGlobalSection
EndGlobal
